// !$*UTF8*$!
{
	archiveVersion = 1;
	classes = {
	};
	objectVersion = 46;
	objects = {

/* Begin PBXBuildFile section */
		9EE045E11B210A910096FC43 /* AppDelegate.swift in Sources */ = {isa = PBXBuildFile; fileRef = 9EE045E01B210A910096FC43 /* AppDelegate.swift */; };
		9EE045E31B210A910096FC43 /* ViewController.swift in Sources */ = {isa = PBXBuildFile; fileRef = 9EE045E21B210A910096FC43 /* ViewController.swift */; };
		9EE045E61B210A920096FC43 /* Main.storyboard in Resources */ = {isa = PBXBuildFile; fileRef = 9EE045E41B210A910096FC43 /* Main.storyboard */; };
		9EE045E81B210A920096FC43 /* Images.xcassets in Resources */ = {isa = PBXBuildFile; fileRef = 9EE045E71B210A920096FC43 /* Images.xcassets */; };
		9EE045EB1B210A920096FC43 /* LaunchScreen.xib in Resources */ = {isa = PBXBuildFile; fileRef = 9EE045E91B210A920096FC43 /* LaunchScreen.xib */; };
		9EE045F71B210A920096FC43 /* GoogleMapsDemoTests.swift in Sources */ = {isa = PBXBuildFile; fileRef = 9EE045F61B210A920096FC43 /* GoogleMapsDemoTests.swift */; };
		9EE046051B2125430096FC43 /* gvsu.png in Resources */ = {isa = PBXBuildFile; fileRef = 9EE046041B2125430096FC43 /* gvsu.png */; };
		EB0825B7FA234B41843F6177 /* libPods.a in Frameworks */ = {isa = PBXBuildFile; fileRef = 250442851C4C071A4C9627BF /* libPods.a */; };
/* End PBXBuildFile section */

/* Begin PBXContainerItemProxy section */
		9EE045F11B210A920096FC43 /* PBXContainerItemProxy */ = {
			isa = PBXContainerItemProxy;
			containerPortal = 9EE045D31B210A910096FC43 /* Project object */;
			proxyType = 1;
			remoteGlobalIDString = 9EE045DA1B210A910096FC43;
			remoteInfo = GoogleMapsDemo;
		};
/* End PBXContainerItemProxy section */

/* Begin PBXFileReference section */
		250442851C4C071A4C9627BF /* libPods.a */ = {isa = PBXFileReference; explicitFileType = archive.ar; includeInIndex = 0; path = libPods.a; sourceTree = BUILT_PRODUCTS_DIR; };
		356C81EAD27C7037B0442264 /* Pods.debug.xcconfig */ = {isa = PBXFileReference; includeInIndex = 1; lastKnownFileType = text.xcconfig; name = Pods.debug.xcconfig; path = "Pods/Target Support Files/Pods/Pods.debug.xcconfig"; sourceTree = "<group>"; };
		9EE045DB1B210A910096FC43 /* GoogleMapsDemo.app */ = {isa = PBXFileReference; explicitFileType = wrapper.application; includeInIndex = 0; path = GoogleMapsDemo.app; sourceTree = BUILT_PRODUCTS_DIR; };
		9EE045DF1B210A910096FC43 /* Info.plist */ = {isa = PBXFileReference; lastKnownFileType = text.plist.xml; path = Info.plist; sourceTree = "<group>"; };
		9EE045E01B210A910096FC43 /* AppDelegate.swift */ = {isa = PBXFileReference; lastKnownFileType = sourcecode.swift; path = AppDelegate.swift; sourceTree = "<group>"; };
		9EE045E21B210A910096FC43 /* ViewController.swift */ = {isa = PBXFileReference; lastKnownFileType = sourcecode.swift; path = ViewController.swift; sourceTree = "<group>"; };
		9EE045E51B210A910096FC43 /* Base */ = {isa = PBXFileReference; lastKnownFileType = file.storyboard; name = Base; path = Base.lproj/Main.storyboard; sourceTree = "<group>"; };
		9EE045E71B210A920096FC43 /* Images.xcassets */ = {isa = PBXFileReference; lastKnownFileType = folder.assetcatalog; path = Images.xcassets; sourceTree = "<group>"; };
		9EE045EA1B210A920096FC43 /* Base */ = {isa = PBXFileReference; lastKnownFileType = file.xib; name = Base; path = Base.lproj/LaunchScreen.xib; sourceTree = "<group>"; };
		9EE045F01B210A920096FC43 /* GoogleMapsDemoTests.xctest */ = {isa = PBXFileReference; explicitFileType = wrapper.cfbundle; includeInIndex = 0; path = GoogleMapsDemoTests.xctest; sourceTree = BUILT_PRODUCTS_DIR; };
		9EE045F51B210A920096FC43 /* Info.plist */ = {isa = PBXFileReference; lastKnownFileType = text.plist.xml; path = Info.plist; sourceTree = "<group>"; };
		9EE045F61B210A920096FC43 /* GoogleMapsDemoTests.swift */ = {isa = PBXFileReference; lastKnownFileType = sourcecode.swift; path = GoogleMapsDemoTests.swift; sourceTree = "<group>"; };
		9EE046001B211EB90096FC43 /* GoogleMapsDemo-Bridging-Header.h */ = {isa = PBXFileReference; lastKnownFileType = sourcecode.c.h; path = "GoogleMapsDemo-Bridging-Header.h"; sourceTree = "<group>"; };
		9EE046041B2125430096FC43 /* gvsu.png */ = {isa = PBXFileReference; lastKnownFileType = image.png; path = gvsu.png; sourceTree = "<group>"; };
		AFFF9CAF416C2DE878E87C49 /* Pods.release.xcconfig */ = {isa = PBXFileReference; includeInIndex = 1; lastKnownFileType = text.xcconfig; name = Pods.release.xcconfig; path = "Pods/Target Support Files/Pods/Pods.release.xcconfig"; sourceTree = "<group>"; };
/* End PBXFileReference section */

/* Begin PBXFrameworksBuildPhase section */
		9EE045D81B210A910096FC43 /* Frameworks */ = {
			isa = PBXFrameworksBuildPhase;
			buildActionMask = 2147483647;
			files = (
				EB0825B7FA234B41843F6177 /* libPods.a in Frameworks */,
			);
			runOnlyForDeploymentPostprocessing = 0;
		};
		9EE045ED1B210A920096FC43 /* Frameworks */ = {
			isa = PBXFrameworksBuildPhase;
			buildActionMask = 2147483647;
			files = (
			);
			runOnlyForDeploymentPostprocessing = 0;
		};
/* End PBXFrameworksBuildPhase section */

/* Begin PBXGroup section */
		14DA991A6E5CC1466D1BC5EF /* Pods */ = {
			isa = PBXGroup;
			children = (
				356C81EAD27C7037B0442264 /* Pods.debug.xcconfig */,
				AFFF9CAF416C2DE878E87C49 /* Pods.release.xcconfig */,
			);
			name = Pods;
			sourceTree = "<group>";
		};
		7026A6570D9B3193EF686D77 /* Frameworks */ = {
			isa = PBXGroup;
			children = (
				250442851C4C071A4C9627BF /* libPods.a */,
			);
			name = Frameworks;
			sourceTree = "<group>";
		};
		9EE045D21B210A910096FC43 = {
			isa = PBXGroup;
			children = (
				9EE045DD1B210A910096FC43 /* GoogleMapsDemo */,
				9EE045F31B210A920096FC43 /* GoogleMapsDemoTests */,
				9EE045DC1B210A910096FC43 /* Products */,
				14DA991A6E5CC1466D1BC5EF /* Pods */,
				7026A6570D9B3193EF686D77 /* Frameworks */,
			);
			sourceTree = "<group>";
		};
		9EE045DC1B210A910096FC43 /* Products */ = {
			isa = PBXGroup;
			children = (
				9EE045DB1B210A910096FC43 /* GoogleMapsDemo.app */,
				9EE045F01B210A920096FC43 /* GoogleMapsDemoTests.xctest */,
			);
			name = Products;
			sourceTree = "<group>";
		};
		9EE045DD1B210A910096FC43 /* GoogleMapsDemo */ = {
			isa = PBXGroup;
			children = (
				9EE045E01B210A910096FC43 /* AppDelegate.swift */,
				9EE045E21B210A910096FC43 /* ViewController.swift */,
				9EE046041B2125430096FC43 /* gvsu.png */,
				9EE045E41B210A910096FC43 /* Main.storyboard */,
				9EE045E71B210A920096FC43 /* Images.xcassets */,
				9EE045E91B210A920096FC43 /* LaunchScreen.xib */,
				9EE045DE1B210A910096FC43 /* Supporting Files */,
				9EE046001B211EB90096FC43 /* GoogleMapsDemo-Bridging-Header.h */,
			);
			path = GoogleMapsDemo;
			sourceTree = "<group>";
		};
		9EE045DE1B210A910096FC43 /* Supporting Files */ = {
			isa = PBXGroup;
			children = (
				9EE045DF1B210A910096FC43 /* Info.plist */,
			);
			name = "Supporting Files";
			sourceTree = "<group>";
		};
		9EE045F31B210A920096FC43 /* GoogleMapsDemoTests */ = {
			isa = PBXGroup;
			children = (
				9EE045F61B210A920096FC43 /* GoogleMapsDemoTests.swift */,
				9EE045F41B210A920096FC43 /* Supporting Files */,
			);
			path = GoogleMapsDemoTests;
			sourceTree = "<group>";
		};
		9EE045F41B210A920096FC43 /* Supporting Files */ = {
			isa = PBXGroup;
			children = (
				9EE045F51B210A920096FC43 /* Info.plist */,
			);
			name = "Supporting Files";
			sourceTree = "<group>";
		};
/* End PBXGroup section */

/* Begin PBXNativeTarget section */
		9EE045DA1B210A910096FC43 /* GoogleMapsDemo */ = {
			isa = PBXNativeTarget;
			buildConfigurationList = 9EE045FA1B210A920096FC43 /* Build configuration list for PBXNativeTarget "GoogleMapsDemo" */;
			buildPhases = (
				87DEAE29D294E46BDE6A1807 /* Check Pods Manifest.lock */,
				9EE045D71B210A910096FC43 /* Sources */,
				9EE045D81B210A910096FC43 /* Frameworks */,
				9EE045D91B210A910096FC43 /* Resources */,
				998FBD39074EAFD9A564311C /* Copy Pods Resources */,
			);
			buildRules = (
			);
			dependencies = (
			);
			name = GoogleMapsDemo;
			productName = GoogleMapsDemo;
			productReference = 9EE045DB1B210A910096FC43 /* GoogleMapsDemo.app */;
			productType = "com.apple.product-type.application";
		};
		9EE045EF1B210A920096FC43 /* GoogleMapsDemoTests */ = {
			isa = PBXNativeTarget;
			buildConfigurationList = 9EE045FD1B210A920096FC43 /* Build configuration list for PBXNativeTarget "GoogleMapsDemoTests" */;
			buildPhases = (
				9EE045EC1B210A920096FC43 /* Sources */,
				9EE045ED1B210A920096FC43 /* Frameworks */,
				9EE045EE1B210A920096FC43 /* Resources */,
			);
			buildRules = (
			);
			dependencies = (
				9EE045F21B210A920096FC43 /* PBXTargetDependency */,
			);
			name = GoogleMapsDemoTests;
			productName = GoogleMapsDemoTests;
			productReference = 9EE045F01B210A920096FC43 /* GoogleMapsDemoTests.xctest */;
			productType = "com.apple.product-type.bundle.unit-test";
		};
/* End PBXNativeTarget section */

/* Begin PBXProject section */
		9EE045D31B210A910096FC43 /* Project object */ = {
			isa = PBXProject;
			attributes = {
				LastUpgradeCheck = 0630;
				ORGANIZATIONNAME = "Jonathan Engelsma";
				TargetAttributes = {
					9EE045DA1B210A910096FC43 = {
						CreatedOnToolsVersion = 6.3.2;
					};
					9EE045EF1B210A920096FC43 = {
						CreatedOnToolsVersion = 6.3.2;
						TestTargetID = 9EE045DA1B210A910096FC43;
					};
				};
			};
			buildConfigurationList = 9EE045D61B210A910096FC43 /* Build configuration list for PBXProject "GoogleMapsDemo" */;
			compatibilityVersion = "Xcode 3.2";
			developmentRegion = English;
			hasScannedForEncodings = 0;
			knownRegions = (
				en,
				Base,
			);
			mainGroup = 9EE045D21B210A910096FC43;
			productRefGroup = 9EE045DC1B210A910096FC43 /* Products */;
			projectDirPath = "";
			projectRoot = "";
			targets = (
				9EE045DA1B210A910096FC43 /* GoogleMapsDemo */,
				9EE045EF1B210A920096FC43 /* GoogleMapsDemoTests */,
			);
		};
/* End PBXProject section */

/* Begin PBXResourcesBuildPhase section */
		9EE045D91B210A910096FC43 /* Resources */ = {
			isa = PBXResourcesBuildPhase;
			buildActionMask = 2147483647;
			files = (
				9EE046051B2125430096FC43 /* gvsu.png in Resources */,
				9EE045E61B210A920096FC43 /* Main.storyboard in Resources */,
				9EE045EB1B210A920096FC43 /* LaunchScreen.xib in Resources */,
				9EE045E81B210A920096FC43 /* Images.xcassets in Resources */,
			);
			runOnlyForDeploymentPostprocessing = 0;
		};
		9EE045EE1B210A920096FC43 /* Resources */ = {
			isa = PBXResourcesBuildPhase;
			buildActionMask = 2147483647;
			files = (
			);
			runOnlyForDeploymentPostprocessing = 0;
		};
/* End PBXResourcesBuildPhase section */

/* Begin PBXShellScriptBuildPhase section */
		87DEAE29D294E46BDE6A1807 /* Check Pods Manifest.lock */ = {
			isa = PBXShellScriptBuildPhase;
			buildActionMask = 2147483647;
			files = (
			);
			inputPaths = (
			);
			name = "Check Pods Manifest.lock";
			outputPaths = (
			);
			runOnlyForDeploymentPostprocessing = 0;
			shellPath = /bin/sh;
			shellScript = "diff \"${PODS_ROOT}/../Podfile.lock\" \"${PODS_ROOT}/Manifest.lock\" > /dev/null\nif [[ $? != 0 ]] ; then\n    cat << EOM\nerror: The sandbox is not in sync with the Podfile.lock. Run 'pod install' or update your CocoaPods installation.\nEOM\n    exit 1\nfi\n";
			showEnvVarsInLog = 0;
		};
		998FBD39074EAFD9A564311C /* Copy Pods Resources */ = {
			isa = PBXShellScriptBuildPhase;
			buildActionMask = 2147483647;
			files = (
			);
			inputPaths = (
			);
			name = "Copy Pods Resources";
			outputPaths = (
			);
			runOnlyForDeploymentPostprocessing = 0;
			shellPath = /bin/sh;
			shellScript = "\"${SRCROOT}/Pods/Target Support Files/Pods/Pods-resources.sh\"\n";
			showEnvVarsInLog = 0;
		};
/* End PBXShellScriptBuildPhase section */

/* Begin PBXSourcesBuildPhase section */
		9EE045D71B210A910096FC43 /* Sources */ = {
			isa = PBXSourcesBuildPhase;
			buildActionMask = 2147483647;
			files = (
				9EE045E31B210A910096FC43 /* ViewController.swift in Sources */,
				9EE045E11B210A910096FC43 /* AppDelegate.swift in Sources */,
			);
			runOnlyForDeploymentPostprocessing = 0;
		};
		9EE045EC1B210A920096FC43 /* Sources */ = {
			isa = PBXSourcesBuildPhase;
			buildActionMask = 2147483647;
			files = (
				9EE045F71B210A920096FC43 /* GoogleMapsDemoTests.swift in Sources */,
			);
			runOnlyForDeploymentPostprocessing = 0;
		};
/* End PBXSourcesBuildPhase section */

/* Begin PBXTargetDependency section */
		9EE045F21B210A920096FC43 /* PBXTargetDependency */ = {
			isa = PBXTargetDependency;
			target = 9EE045DA1B210A910096FC43 /* GoogleMapsDemo */;
			targetProxy = 9EE045F11B210A920096FC43 /* PBXContainerItemProxy */;
		};
/* End PBXTargetDependency section */

/* Begin PBXVariantGroup section */
		9EE045E41B210A910096FC43 /* Main.storyboard */ = {
			isa = PBXVariantGroup;
			children = (
				9EE045E51B210A910096FC43 /* Base */,
			);
			name = Main.storyboard;
			sourceTree = "<group>";
		};
		9EE045E91B210A920096FC43 /* LaunchScreen.xib */ = {
			isa = PBXVariantGroup;
			children = (
				9EE045EA1B210A920096FC43 /* Base */,
			);
			name = LaunchScreen.xib;
			sourceTree = "<group>";
		};
/* End PBXVariantGroup section */

/* Begin XCBuildConfiguration section */
		9EE045F81B210A920096FC43 /* Debug */ = {
			isa = XCBuildConfiguration;
			buildSettings = {
				ALWAYS_SEARCH_USER_PATHS = NO;
				CLANG_CXX_LANGUAGE_STANDARD = "gnu++0x";
				CLANG_CXX_LIBRARY = "libc++";
				CLANG_ENABLE_MODULES = YES;
				CLANG_ENABLE_OBJC_ARC = YES;
				CLANG_WARN_BOOL_CONVERSION = YES;
				CLANG_WARN_CONSTANT_CONVERSION = YES;
				CLANG_WARN_DIRECT_OBJC_ISA_USAGE = YES_ERROR;
				CLANG_WARN_EMPTY_BODY = YES;
				CLANG_WARN_ENUM_CONVERSION = YES;
				CLANG_WARN_INT_CONVERSION = YES;
				CLANG_WARN_OBJC_ROOT_CLASS = YES_ERROR;
				CLANG_WARN_UNREACHABLE_CODE = YES;
				CLANG_WARN__DUPLICATE_METHOD_MATCH = YES;
				"CODE_SIGN_IDENTITY[sdk=iphoneos*]" = "iPhone Developer";
				COPY_PHASE_STRIP = NO;
				DEBUG_INFORMATION_FORMAT = "dwarf-with-dsym";
				ENABLE_STRICT_OBJC_MSGSEND = YES;
				GCC_C_LANGUAGE_STANDARD = gnu99;
				GCC_DYNAMIC_NO_PIC = NO;
				GCC_NO_COMMON_BLOCKS = YES;
				GCC_OPTIMIZATION_LEVEL = 0;
				GCC_PREPROCESSOR_DEFINITIONS = (
					"DEBUG=1",
					"$(inherited)",
				);
				GCC_SYMBOLS_PRIVATE_EXTERN = NO;
				GCC_WARN_64_TO_32_BIT_CONVERSION = YES;
				GCC_WARN_ABOUT_RETURN_TYPE = YES_ERROR;
				GCC_WARN_UNDECLARED_SELECTOR = YES;
				GCC_WARN_UNINITIALIZED_AUTOS = YES_AGGRESSIVE;
				GCC_WARN_UNUSED_FUNCTION = YES;
				GCC_WARN_UNUSED_VARIABLE = YES;
				IPHONEOS_DEPLOYMENT_TARGET = 8.3;
				MTL_ENABLE_DEBUG_INFO = YES;
				ONLY_ACTIVE_ARCH = YES;
				SDKROOT = iphoneos;
				SWIFT_OPTIMIZATION_LEVEL = "-Onone";
			};
			name = Debug;
		};
		9EE045F91B210A920096FC43 /* Release */ = {
			isa = XCBuildConfiguration;
			buildSettings = {
				ALWAYS_SEARCH_USER_PATHS = NO;
				CLANG_CXX_LANGUAGE_STANDARD = "gnu++0x";
				CLANG_CXX_LIBRARY = "libc++";
				CLANG_ENABLE_MODULES = YES;
				CLANG_ENABLE_OBJC_ARC = YES;
				CLANG_WARN_BOOL_CONVERSION = YES;
				CLANG_WARN_CONSTANT_CONVERSION = YES;
				CLANG_WARN_DIRECT_OBJC_ISA_USAGE = YES_ERROR;
				CLANG_WARN_EMPTY_BODY = YES;
				CLANG_WARN_ENUM_CONVERSION = YES;
				CLANG_WARN_INT_CONVERSION = YES;
				CLANG_WARN_OBJC_ROOT_CLASS = YES_ERROR;
				CLANG_WARN_UNREACHABLE_CODE = YES;
				CLANG_WARN__DUPLICATE_METHOD_MATCH = YES;
				"CODE_SIGN_IDENTITY[sdk=iphoneos*]" = "iPhone Developer";
				COPY_PHASE_STRIP = NO;
				DEBUG_INFORMATION_FORMAT = "dwarf-with-dsym";
				ENABLE_NS_ASSERTIONS = NO;
				ENABLE_STRICT_OBJC_MSGSEND = YES;
				GCC_C_LANGUAGE_STANDARD = gnu99;
				GCC_NO_COMMON_BLOCKS = YES;
				GCC_WARN_64_TO_32_BIT_CONVERSION = YES;
				GCC_WARN_ABOUT_RETURN_TYPE = YES_ERROR;
				GCC_WARN_UNDECLARED_SELECTOR = YES;
				GCC_WARN_UNINITIALIZED_AUTOS = YES_AGGRESSIVE;
				GCC_WARN_UNUSED_FUNCTION = YES;
				GCC_WARN_UNUSED_VARIABLE = YES;
				IPHONEOS_DEPLOYMENT_TARGET = 8.3;
				MTL_ENABLE_DEBUG_INFO = NO;
				SDKROOT = iphoneos;
				VALIDATE_PRODUCT = YES;
			};
			name = Release;
		};
		9EE045FB1B210A920096FC43 /* Debug */ = {
			isa = XCBuildConfiguration;
			baseConfigurationReference = 356C81EAD27C7037B0442264 /* Pods.debug.xcconfig */;
			buildSettings = {
				ASSETCATALOG_COMPILER_APPICON_NAME = AppIcon;
				CLANG_ENABLE_MODULES = YES;
				INFOPLIST_FILE = GoogleMapsDemo/Info.plist;
				LD_RUNPATH_SEARCH_PATHS = "$(inherited) @executable_path/Frameworks";
				PRODUCT_NAME = "$(TARGET_NAME)";
				SWIFT_OBJC_BRIDGING_HEADER = "GoogleMapsDemo/GoogleMapsDemo-Bridging-Header.h";
				SWIFT_OPTIMIZATION_LEVEL = "-Onone";
			};
			name = Debug;
		};
		9EE045FC1B210A920096FC43 /* Release */ = {
			isa = XCBuildConfiguration;
			baseConfigurationReference = AFFF9CAF416C2DE878E87C49 /* Pods.release.xcconfig */;
			buildSettings = {
				ASSETCATALOG_COMPILER_APPICON_NAME = AppIcon;
				CLANG_ENABLE_MODULES = YES;
				INFOPLIST_FILE = GoogleMapsDemo/Info.plist;
				LD_RUNPATH_SEARCH_PATHS = "$(inherited) @executable_path/Frameworks";
				PRODUCT_NAME = "$(TARGET_NAME)";
				SWIFT_OBJC_BRIDGING_HEADER = "GoogleMapsDemo/GoogleMapsDemo-Bridging-Header.h";
			};
			name = Release;
		};
		9EE045FE1B210A920096FC43 /* Debug */ = {
			isa = XCBuildConfiguration;
			buildSettings = {
				BUNDLE_LOADER = "$(TEST_HOST)";
				FRAMEWORK_SEARCH_PATHS = (
					"$(SDKROOT)/Developer/Library/Frameworks",
					"$(inherited)",
				);
				GCC_PREPROCESSOR_DEFINITIONS = (
					"DEBUG=1",
					"$(inherited)",
				);
				INFOPLIST_FILE = GoogleMapsDemoTests/Info.plist;
				LD_RUNPATH_SEARCH_PATHS = "$(inherited) @executable_path/Frameworks @loader_path/Frameworks";
				PRODUCT_NAME = "$(TARGET_NAME)";
				TEST_HOST = "$(BUILT_PRODUCTS_DIR)/GoogleMapsDemo.app/GoogleMapsDemo";
			};
			name = Debug;
		};
		9EE045FF1B210A920096FC43 /* Release */ = {
			isa = XCBuildConfiguration;
			buildSettings = {
				BUNDLE_LOADER = "$(TEST_HOST)";
				FRAMEWORK_SEARCH_PATHS = (
					"$(SDKROOT)/Developer/Library/Frameworks",
					"$(inherited)",
				);
				INFOPLIST_FILE = GoogleMapsDemoTests/Info.plist;
				LD_RUNPATH_SEARCH_PATHS = "$(inherited) @executable_path/Frameworks @loader_path/Frameworks";
				PRODUCT_NAME = "$(TARGET_NAME)";
				TEST_HOST = "$(BUILT_PRODUCTS_DIR)/GoogleMapsDemo.app/GoogleMapsDemo";
			};
			name = Release;
		};
/* End XCBuildConfiguration section */

/* Begin XCConfigurationList section */
		9EE045D61B210A910096FC43 /* Build configuration list for PBXProject "GoogleMapsDemo" */ = {
			isa = XCConfigurationList;
			buildConfigurations = (
				9EE045F81B210A920096FC43 /* Debug */,
				9EE045F91B210A920096FC43 /* Release */,
			);
			defaultConfigurationIsVisible = 0;
			defaultConfigurationName = Release;
		};
		9EE045FA1B210A920096FC43 /* Build configuration list for PBXNativeTarget "GoogleMapsDemo" */ = {
			isa = XCConfigurationList;
			buildConfigurations = (
				9EE045FB1B210A920096FC43 /* Debug */,
				9EE045FC1B210A920096FC43 /* Release */,
			);
			defaultConfigurationIsVisible = 0;
			defaultConfigurationName = Release;
		};
		9EE045FD1B210A920096FC43 /* Build configuration list for PBXNativeTarget "GoogleMapsDemoTests" */ = {
			isa = XCConfigurationList;
			buildConfigurations = (
				9EE045FE1B210A920096FC43 /* Debug */,
				9EE045FF1B210A920096FC43 /* Release */,
			);
			defaultConfigurationIsVisible = 0;
			defaultConfigurationName = Release;
		};
/* End XCConfigurationList section */
	};
	rootObject = 9EE045D31B210A910096FC43 /* Project object */;
}
