// !$*UTF8*$!
{
	archiveVersion = 1;
	classes = {
	};
	objectVersion = 46;
	objects = {

/* Begin PBXBuildFile section */
		9E8AB9F11B052B4800456461 /* AppDelegate.swift in Sources */ = {isa = PBXBuildFile; fileRef = 9E8AB9F01B052B4800456461 /* AppDelegate.swift */; };
		9E8AB9F31B052B4800456461 /* ViewController.swift in Sources */ = {isa = PBXBuildFile; fileRef = 9E8AB9F21B052B4800456461 /* ViewController.swift */; };
		9E8AB9F61B052B4800456461 /* Main.storyboard in Resources */ = {isa = PBXBuildFile; fileRef = 9E8AB9F41B052B4800456461 /* Main.storyboard */; };
		9E8AB9F81B052B4800456461 /* Images.xcassets in Resources */ = {isa = PBXBuildFile; fileRef = 9E8AB9F71B052B4800456461 /* Images.xcassets */; };
		9E8AB9FB1B052B4800456461 /* LaunchScreen.xib in Resources */ = {isa = PBXBuildFile; fileRef = 9E8AB9F91B052B4800456461 /* LaunchScreen.xib */; };
		9E8ABA071B052B4800456461 /* StopWatchTests.swift in Sources */ = {isa = PBXBuildFile; fileRef = 9E8ABA061B052B4800456461 /* StopWatchTests.swift */; };
		9E8ABA111B052CFB00456461 /* MyModel.swift in Sources */ = {isa = PBXBuildFile; fileRef = 9E8ABA101B052CFB00456461 /* MyModel.swift */; };
/* End PBXBuildFile section */

/* Begin PBXContainerItemProxy section */
		9E8ABA011B052B4800456461 /* PBXContainerItemProxy */ = {
			isa = PBXContainerItemProxy;
			containerPortal = 9E8AB9E31B052B4800456461 /* Project object */;
			proxyType = 1;
			remoteGlobalIDString = 9E8AB9EA1B052B4800456461;
			remoteInfo = StopWatch;
		};
/* End PBXContainerItemProxy section */

/* Begin PBXFileReference section */
		9E8AB9EB1B052B4800456461 /* StopWatch.app */ = {isa = PBXFileReference; explicitFileType = wrapper.application; includeInIndex = 0; path = StopWatch.app; sourceTree = BUILT_PRODUCTS_DIR; };
		9E8AB9EF1B052B4800456461 /* Info.plist */ = {isa = PBXFileReference; lastKnownFileType = text.plist.xml; path = Info.plist; sourceTree = "<group>"; };
		9E8AB9F01B052B4800456461 /* AppDelegate.swift */ = {isa = PBXFileReference; lastKnownFileType = sourcecode.swift; path = AppDelegate.swift; sourceTree = "<group>"; };
		9E8AB9F21B052B4800456461 /* ViewController.swift */ = {isa = PBXFileReference; lastKnownFileType = sourcecode.swift; path = ViewController.swift; sourceTree = "<group>"; };
		9E8AB9F51B052B4800456461 /* Base */ = {isa = PBXFileReference; lastKnownFileType = file.storyboard; name = Base; path = Base.lproj/Main.storyboard; sourceTree = "<group>"; };
		9E8AB9F71B052B4800456461 /* Images.xcassets */ = {isa = PBXFileReference; lastKnownFileType = folder.assetcatalog; path = Images.xcassets; sourceTree = "<group>"; };
		9E8AB9FA1B052B4800456461 /* Base */ = {isa = PBXFileReference; lastKnownFileType = file.xib; name = Base; path = Base.lproj/LaunchScreen.xib; sourceTree = "<group>"; };
		9E8ABA001B052B4800456461 /* StopWatchTests.xctest */ = {isa = PBXFileReference; explicitFileType = wrapper.cfbundle; includeInIndex = 0; path = StopWatchTests.xctest; sourceTree = BUILT_PRODUCTS_DIR; };
		9E8ABA051B052B4800456461 /* Info.plist */ = {isa = PBXFileReference; lastKnownFileType = text.plist.xml; path = Info.plist; sourceTree = "<group>"; };
		9E8ABA061B052B4800456461 /* StopWatchTests.swift */ = {isa = PBXFileReference; lastKnownFileType = sourcecode.swift; path = StopWatchTests.swift; sourceTree = "<group>"; };
		9E8ABA101B052CFB00456461 /* MyModel.swift */ = {isa = PBXFileReference; fileEncoding = 4; lastKnownFileType = sourcecode.swift; path = MyModel.swift; sourceTree = "<group>"; };
/* End PBXFileReference section */

/* Begin PBXFrameworksBuildPhase section */
		9E8AB9E81B052B4800456461 /* Frameworks */ = {
			isa = PBXFrameworksBuildPhase;
			buildActionMask = 2147483647;
			files = (
			);
			runOnlyForDeploymentPostprocessing = 0;
		};
		9E8AB9FD1B052B4800456461 /* Frameworks */ = {
			isa = PBXFrameworksBuildPhase;
			buildActionMask = 2147483647;
			files = (
			);
			runOnlyForDeploymentPostprocessing = 0;
		};
/* End PBXFrameworksBuildPhase section */

/* Begin PBXGroup section */
		9E8AB9E21B052B4800456461 = {
			isa = PBXGroup;
			children = (
				9E8AB9ED1B052B4800456461 /* StopWatch */,
				9E8ABA031B052B4800456461 /* StopWatchTests */,
				9E8AB9EC1B052B4800456461 /* Products */,
			);
			sourceTree = "<group>";
		};
		9E8AB9EC1B052B4800456461 /* Products */ = {
			isa = PBXGroup;
			children = (
				9E8AB9EB1B052B4800456461 /* StopWatch.app */,
				9E8ABA001B052B4800456461 /* StopWatchTests.xctest */,
			);
			name = Products;
			sourceTree = "<group>";
		};
		9E8AB9ED1B052B4800456461 /* StopWatch */ = {
			isa = PBXGroup;
			children = (
				9E8AB9F01B052B4800456461 /* AppDelegate.swift */,
				9E8ABA101B052CFB00456461 /* MyModel.swift */,
				9E8AB9F21B052B4800456461 /* ViewController.swift */,
				9E8AB9F41B052B4800456461 /* Main.storyboard */,
				9E8AB9F71B052B4800456461 /* Images.xcassets */,
				9E8AB9F91B052B4800456461 /* LaunchScreen.xib */,
				9E8AB9EE1B052B4800456461 /* Supporting Files */,
			);
			path = StopWatch;
			sourceTree = "<group>";
		};
		9E8AB9EE1B052B4800456461 /* Supporting Files */ = {
			isa = PBXGroup;
			children = (
				9E8AB9EF1B052B4800456461 /* Info.plist */,
			);
			name = "Supporting Files";
			sourceTree = "<group>";
		};
		9E8ABA031B052B4800456461 /* StopWatchTests */ = {
			isa = PBXGroup;
			children = (
				9E8ABA061B052B4800456461 /* StopWatchTests.swift */,
				9E8ABA041B052B4800456461 /* Supporting Files */,
			);
			path = StopWatchTests;
			sourceTree = "<group>";
		};
		9E8ABA041B052B4800456461 /* Supporting Files */ = {
			isa = PBXGroup;
			children = (
				9E8ABA051B052B4800456461 /* Info.plist */,
			);
			name = "Supporting Files";
			sourceTree = "<group>";
		};
/* End PBXGroup section */

/* Begin PBXNativeTarget section */
		9E8AB9EA1B052B4800456461 /* StopWatch */ = {
			isa = PBXNativeTarget;
			buildConfigurationList = 9E8ABA0A1B052B4800456461 /* Build configuration list for PBXNativeTarget "StopWatch" */;
			buildPhases = (
				9E8AB9E71B052B4800456461 /* Sources */,
				9E8AB9E81B052B4800456461 /* Frameworks */,
				9E8AB9E91B052B4800456461 /* Resources */,
			);
			buildRules = (
			);
			dependencies = (
			);
			name = StopWatch;
			productName = StopWatch;
			productReference = 9E8AB9EB1B052B4800456461 /* StopWatch.app */;
			productType = "com.apple.product-type.application";
		};
		9E8AB9FF1B052B4800456461 /* StopWatchTests */ = {
			isa = PBXNativeTarget;
			buildConfigurationList = 9E8ABA0D1B052B4800456461 /* Build configuration list for PBXNativeTarget "StopWatchTests" */;
			buildPhases = (
				9E8AB9FC1B052B4800456461 /* Sources */,
				9E8AB9FD1B052B4800456461 /* Frameworks */,
				9E8AB9FE1B052B4800456461 /* Resources */,
			);
			buildRules = (
			);
			dependencies = (
				9E8ABA021B052B4800456461 /* PBXTargetDependency */,
			);
			name = StopWatchTests;
			productName = StopWatchTests;
			productReference = 9E8ABA001B052B4800456461 /* StopWatchTests.xctest */;
			productType = "com.apple.product-type.bundle.unit-test";
		};
/* End PBXNativeTarget section */

/* Begin PBXProject section */
		9E8AB9E31B052B4800456461 /* Project object */ = {
			isa = PBXProject;
			attributes = {
				LastUpgradeCheck = 0630;
				ORGANIZATIONNAME = "Jonathan Engelsma";
				TargetAttributes = {
					9E8AB9EA1B052B4800456461 = {
						CreatedOnToolsVersion = 6.3.1;
					};
					9E8AB9FF1B052B4800456461 = {
						CreatedOnToolsVersion = 6.3.1;
						TestTargetID = 9E8AB9EA1B052B4800456461;
					};
				};
			};
			buildConfigurationList = 9E8AB9E61B052B4800456461 /* Build configuration list for PBXProject "StopWatch" */;
			compatibilityVersion = "Xcode 3.2";
			developmentRegion = English;
			hasScannedForEncodings = 0;
			knownRegions = (
				en,
				Base,
			);
			mainGroup = 9E8AB9E21B052B4800456461;
			productRefGroup = 9E8AB9EC1B052B4800456461 /* Products */;
			projectDirPath = "";
			projectRoot = "";
			targets = (
				9E8AB9EA1B052B4800456461 /* StopWatch */,
				9E8AB9FF1B052B4800456461 /* StopWatchTests */,
			);
		};
/* End PBXProject section */

/* Begin PBXResourcesBuildPhase section */
		9E8AB9E91B052B4800456461 /* Resources */ = {
			isa = PBXResourcesBuildPhase;
			buildActionMask = 2147483647;
			files = (
				9E8AB9F61B052B4800456461 /* Main.storyboard in Resources */,
				9E8AB9FB1B052B4800456461 /* LaunchScreen.xib in Resources */,
				9E8AB9F81B052B4800456461 /* Images.xcassets in Resources */,
			);
			runOnlyForDeploymentPostprocessing = 0;
		};
		9E8AB9FE1B052B4800456461 /* Resources */ = {
			isa = PBXResourcesBuildPhase;
			buildActionMask = 2147483647;
			files = (
			);
			runOnlyForDeploymentPostprocessing = 0;
		};
/* End PBXResourcesBuildPhase section */

/* Begin PBXSourcesBuildPhase section */
		9E8AB9E71B052B4800456461 /* Sources */ = {
			isa = PBXSourcesBuildPhase;
			buildActionMask = 2147483647;
			files = (
				9E8AB9F31B052B4800456461 /* ViewController.swift in Sources */,
				9E8ABA111B052CFB00456461 /* MyModel.swift in Sources */,
				9E8AB9F11B052B4800456461 /* AppDelegate.swift in Sources */,
			);
			runOnlyForDeploymentPostprocessing = 0;
		};
		9E8AB9FC1B052B4800456461 /* Sources */ = {
			isa = PBXSourcesBuildPhase;
			buildActionMask = 2147483647;
			files = (
				9E8ABA071B052B4800456461 /* StopWatchTests.swift in Sources */,
			);
			runOnlyForDeploymentPostprocessing = 0;
		};
/* End PBXSourcesBuildPhase section */

/* Begin PBXTargetDependency section */
		9E8ABA021B052B4800456461 /* PBXTargetDependency */ = {
			isa = PBXTargetDependency;
			target = 9E8AB9EA1B052B4800456461 /* StopWatch */;
			targetProxy = 9E8ABA011B052B4800456461 /* PBXContainerItemProxy */;
		};
/* End PBXTargetDependency section */

/* Begin PBXVariantGroup section */
		9E8AB9F41B052B4800456461 /* Main.storyboard */ = {
			isa = PBXVariantGroup;
			children = (
				9E8AB9F51B052B4800456461 /* Base */,
			);
			name = Main.storyboard;
			sourceTree = "<group>";
		};
		9E8AB9F91B052B4800456461 /* LaunchScreen.xib */ = {
			isa = PBXVariantGroup;
			children = (
				9E8AB9FA1B052B4800456461 /* Base */,
			);
			name = LaunchScreen.xib;
			sourceTree = "<group>";
		};
/* End PBXVariantGroup section */

/* Begin XCBuildConfiguration section */
		9E8ABA081B052B4800456461 /* Debug */ = {
			isa = XCBuildConfiguration;
			buildSettings = {
				ALWAYS_SEARCH_USER_PATHS = NO;
				CLANG_CXX_LANGUAGE_STANDARD = "gnu++0x";
				CLANG_CXX_LIBRARY = "libc++";
				CLANG_ENABLE_MODULES = YES;
				CLANG_ENABLE_OBJC_ARC = YES;
				CLANG_WARN_BOOL_CONVERSION = YES;
				CLANG_WARN_CONSTANT_CONVERSION = YES;
				CLANG_WARN_DIRECT_OBJC_ISA_USAGE = YES_ERROR;
				CLANG_WARN_EMPTY_BODY = YES;
				CLANG_WARN_ENUM_CONVERSION = YES;
				CLANG_WARN_INT_CONVERSION = YES;
				CLANG_WARN_OBJC_ROOT_CLASS = YES_ERROR;
				CLANG_WARN_UNREACHABLE_CODE = YES;
				CLANG_WARN__DUPLICATE_METHOD_MATCH = YES;
				"CODE_SIGN_IDENTITY[sdk=iphoneos*]" = "iPhone Developer";
				COPY_PHASE_STRIP = NO;
				DEBUG_INFORMATION_FORMAT = "dwarf-with-dsym";
				ENABLE_STRICT_OBJC_MSGSEND = YES;
				GCC_C_LANGUAGE_STANDARD = gnu99;
				GCC_DYNAMIC_NO_PIC = NO;
				GCC_NO_COMMON_BLOCKS = YES;
				GCC_OPTIMIZATION_LEVEL = 0;
				GCC_PREPROCESSOR_DEFINITIONS = (
					"DEBUG=1",
					"$(inherited)",
				);
				GCC_SYMBOLS_PRIVATE_EXTERN = NO;
				GCC_WARN_64_TO_32_BIT_CONVERSION = YES;
				GCC_WARN_ABOUT_RETURN_TYPE = YES_ERROR;
				GCC_WARN_UNDECLARED_SELECTOR = YES;
				GCC_WARN_UNINITIALIZED_AUTOS = YES_AGGRESSIVE;
				GCC_WARN_UNUSED_FUNCTION = YES;
				GCC_WARN_UNUSED_VARIABLE = YES;
				IPHONEOS_DEPLOYMENT_TARGET = 8.3;
				MTL_ENABLE_DEBUG_INFO = YES;
				ONLY_ACTIVE_ARCH = YES;
				SDKROOT = iphoneos;
				SWIFT_OPTIMIZATION_LEVEL = "-Onone";
			};
			name = Debug;
		};
		9E8ABA091B052B4800456461 /* Release */ = {
			isa = XCBuildConfiguration;
			buildSettings = {
				ALWAYS_SEARCH_USER_PATHS = NO;
				CLANG_CXX_LANGUAGE_STANDARD = "gnu++0x";
				CLANG_CXX_LIBRARY = "libc++";
				CLANG_ENABLE_MODULES = YES;
				CLANG_ENABLE_OBJC_ARC = YES;
				CLANG_WARN_BOOL_CONVERSION = YES;
				CLANG_WARN_CONSTANT_CONVERSION = YES;
				CLANG_WARN_DIRECT_OBJC_ISA_USAGE = YES_ERROR;
				CLANG_WARN_EMPTY_BODY = YES;
				CLANG_WARN_ENUM_CONVERSION = YES;
				CLANG_WARN_INT_CONVERSION = YES;
				CLANG_WARN_OBJC_ROOT_CLASS = YES_ERROR;
				CLANG_WARN_UNREACHABLE_CODE = YES;
				CLANG_WARN__DUPLICATE_METHOD_MATCH = YES;
				"CODE_SIGN_IDENTITY[sdk=iphoneos*]" = "iPhone Developer";
				COPY_PHASE_STRIP = NO;
				DEBUG_INFORMATION_FORMAT = "dwarf-with-dsym";
				ENABLE_NS_ASSERTIONS = NO;
				ENABLE_STRICT_OBJC_MSGSEND = YES;
				GCC_C_LANGUAGE_STANDARD = gnu99;
				GCC_NO_COMMON_BLOCKS = YES;
				GCC_WARN_64_TO_32_BIT_CONVERSION = YES;
				GCC_WARN_ABOUT_RETURN_TYPE = YES_ERROR;
				GCC_WARN_UNDECLARED_SELECTOR = YES;
				GCC_WARN_UNINITIALIZED_AUTOS = YES_AGGRESSIVE;
				GCC_WARN_UNUSED_FUNCTION = YES;
				GCC_WARN_UNUSED_VARIABLE = YES;
				IPHONEOS_DEPLOYMENT_TARGET = 8.3;
				MTL_ENABLE_DEBUG_INFO = NO;
				SDKROOT = iphoneos;
				VALIDATE_PRODUCT = YES;
			};
			name = Release;
		};
		9E8ABA0B1B052B4800456461 /* Debug */ = {
			isa = XCBuildConfiguration;
			buildSettings = {
				ASSETCATALOG_COMPILER_APPICON_NAME = AppIcon;
				INFOPLIST_FILE = StopWatch/Info.plist;
				LD_RUNPATH_SEARCH_PATHS = "$(inherited) @executable_path/Frameworks";
				PRODUCT_NAME = "$(TARGET_NAME)";
			};
			name = Debug;
		};
		9E8ABA0C1B052B4800456461 /* Release */ = {
			isa = XCBuildConfiguration;
			buildSettings = {
				ASSETCATALOG_COMPILER_APPICON_NAME = AppIcon;
				INFOPLIST_FILE = StopWatch/Info.plist;
				LD_RUNPATH_SEARCH_PATHS = "$(inherited) @executable_path/Frameworks";
				PRODUCT_NAME = "$(TARGET_NAME)";
			};
			name = Release;
		};
		9E8ABA0E1B052B4800456461 /* Debug */ = {
			isa = XCBuildConfiguration;
			buildSettings = {
				BUNDLE_LOADER = "$(TEST_HOST)";
				FRAMEWORK_SEARCH_PATHS = (
					"$(SDKROOT)/Developer/Library/Frameworks",
					"$(inherited)",
				);
				GCC_PREPROCESSOR_DEFINITIONS = (
					"DEBUG=1",
					"$(inherited)",
				);
				INFOPLIST_FILE = StopWatchTests/Info.plist;
				LD_RUNPATH_SEARCH_PATHS = "$(inherited) @executable_path/Frameworks @loader_path/Frameworks";
				PRODUCT_NAME = "$(TARGET_NAME)";
				TEST_HOST = "$(BUILT_PRODUCTS_DIR)/StopWatch.app/StopWatch";
			};
			name = Debug;
		};
		9E8ABA0F1B052B4800456461 /* Release */ = {
			isa = XCBuildConfiguration;
			buildSettings = {
				BUNDLE_LOADER = "$(TEST_HOST)";
				FRAMEWORK_SEARCH_PATHS = (
					"$(SDKROOT)/Developer/Library/Frameworks",
					"$(inherited)",
				);
				INFOPLIST_FILE = StopWatchTests/Info.plist;
				LD_RUNPATH_SEARCH_PATHS = "$(inherited) @executable_path/Frameworks @loader_path/Frameworks";
				PRODUCT_NAME = "$(TARGET_NAME)";
				TEST_HOST = "$(BUILT_PRODUCTS_DIR)/StopWatch.app/StopWatch";
			};
			name = Release;
		};
/* End XCBuildConfiguration section */

/* Begin XCConfigurationList section */
		9E8AB9E61B052B4800456461 /* Build configuration list for PBXProject "StopWatch" */ = {
			isa = XCConfigurationList;
			buildConfigurations = (
				9E8ABA081B052B4800456461 /* Debug */,
				9E8ABA091B052B4800456461 /* Release */,
			);
			defaultConfigurationIsVisible = 0;
			defaultConfigurationName = Release;
		};
		9E8ABA0A1B052B4800456461 /* Build configuration list for PBXNativeTarget "StopWatch" */ = {
			isa = XCConfigurationList;
			buildConfigurations = (
				9E8ABA0B1B052B4800456461 /* Debug */,
				9E8ABA0C1B052B4800456461 /* Release */,
			);
			defaultConfigurationIsVisible = 0;
		};
		9E8ABA0D1B052B4800456461 /* Build configuration list for PBXNativeTarget "StopWatchTests" */ = {
			isa = XCConfigurationList;
			buildConfigurations = (
				9E8ABA0E1B052B4800456461 /* Debug */,
				9E8ABA0F1B052B4800456461 /* Release */,
			);
			defaultConfigurationIsVisible = 0;
		};
/* End XCConfigurationList section */
	};
	rootObject = 9E8AB9E31B052B4800456461 /* Project object */;
}
